
Microsoft Visual Studio Solution File, Format Version 12.00
# Visual Studio 15
VisualStudioVersion = 15.0.26124.0
MinimumVisualStudioVersion = 15.0.26124.0
Project("{2150E333-8FDC-42A3-9474-1A3956D46DE8}") = "src", "src", "{8897A1AF-0B3B-441C-90DB-5DA8574A0DE8}"
EndProject
Project("{FAE04EC0-301F-11D3-BF4B-00C04F79EFBC}") = "Todo", "src\Todo\Todo.csproj", "{9D462864-BEBD-4C92-A7CE-95E1998D3402}"
EndProject
Global
	GlobalSection(SolutionConfigurationPlatforms) = preSolution
		Debug|Any CPU = Debug|Any CPU
		Debug|x64 = Debug|x64
		Debug|x86 = Debug|x86
		Release|Any CPU = Release|Any CPU
		Release|x64 = Release|x64
		Release|x86 = Release|x86
	EndGlobalSection
	GlobalSection(SolutionProperties) = preSolution
		HideSolutionNode = FALSE
	EndGlobalSection
	GlobalSection(ProjectConfigurationPlatforms) = postSolution
		{9D462864-BEBD-4C92-A7CE-95E1998D3402}.Debug|Any CPU.ActiveCfg = Debug|Any CPU
		{9D462864-BEBD-4C92-A7CE-95E1998D3402}.Debug|Any CPU.Build.0 = Debug|Any CPU
		{9D462864-BEBD-4C92-A7CE-95E1998D3402}.Debug|x64.ActiveCfg = Debug|Any CPU
		{9D462864-BEBD-4C92-A7CE-95E1998D3402}.Debug|x64.Build.0 = Debug|Any CPU
		{9D462864-BEBD-4C92-A7CE-95E1998D3402}.Debug|x86.ActiveCfg = Debug|Any CPU
		{9D462864-BEBD-4C92-A7CE-95E1998D3402}.Debug|x86.Build.0 = Debug|Any CPU
		{9D462864-BEBD-4C92-A7CE-95E1998D3402}.Release|Any CPU.ActiveCfg = Release|Any CPU
		{9D462864-BEBD-4C92-A7CE-95E1998D3402}.Release|Any CPU.Build.0 = Release|Any CPU
		{9D462864-BEBD-4C92-A7CE-95E1998D3402}.Release|x64.ActiveCfg = Release|Any CPU
		{9D462864-BEBD-4C92-A7CE-95E1998D3402}.Release|x64.Build.0 = Release|Any CPU
		{9D462864-BEBD-4C92-A7CE-95E1998D3402}.Release|x86.ActiveCfg = Release|Any CPU
		{9D462864-BEBD-4C92-A7CE-95E1998D3402}.Release|x86.Build.0 = Release|Any CPU
	EndGlobalSection
	GlobalSection(NestedProjects) = preSolution
		{9D462864-BEBD-4C92-A7CE-95E1998D3402} = {8897A1AF-0B3B-441C-90DB-5DA8574A0DE8}
	EndGlobalSection
EndGlobal
